// !$*UTF8*$!
{
	archiveVersion = 1;
	classes = {
	};
	objectVersion = 54;
	objects = {

/* Begin PBXBuildFile section */
		453EC82A2CE5DE5C00F152C9 /* GiftCardListView.swift in Sources */ = {isa = PBXBuildFile; fileRef = 453EC8292CE5DE5C00F152C9 /* GiftCardListView.swift */; };
		453EC82D2CE5E00600F152C9 /* GiftCard.swift in Sources */ = {isa = PBXBuildFile; fileRef = 453EC82C2CE5E00600F152C9 /* GiftCard.swift */; };
		453EC8312CE5E04800F152C9 /* GiftCardView.swift in Sources */ = {isa = PBXBuildFile; fileRef = 453EC8302CE5E04800F152C9 /* GiftCardView.swift */; };
		453EC8352CE5E35B00F152C9 /* APIEndpoint.swift in Sources */ = {isa = PBXBuildFile; fileRef = 453EC8342CE5E35B00F152C9 /* APIEndpoint.swift */; };
		453EC8392CE5E3CF00F152C9 /* NetworkError.swift in Sources */ = {isa = PBXBuildFile; fileRef = 453EC8382CE5E3CF00F152C9 /* NetworkError.swift */; };
		453EC83B2CE5E40C00F152C9 /* NetworkService.swift in Sources */ = {isa = PBXBuildFile; fileRef = 453EC83A2CE5E40C00F152C9 /* NetworkService.swift */; };
		453EC83E2CE5E56200F152C9 /* GiftCardsEndpoint.swift in Sources */ = {isa = PBXBuildFile; fileRef = 453EC83D2CE5E56200F152C9 /* GiftCardsEndpoint.swift */; };
		453EC8412CE5E5FE00F152C9 /* FetchGiftCardsUseCase.swift in Sources */ = {isa = PBXBuildFile; fileRef = 453EC8402CE5E5FE00F152C9 /* FetchGiftCardsUseCase.swift */; };
		453EC8442CE5E69000F152C9 /* GiftCardShopRepository.swift in Sources */ = {isa = PBXBuildFile; fileRef = 453EC8432CE5E69000F152C9 /* GiftCardShopRepository.swift */; };
		453EC8472CE5E72000F152C9 /* GiftCardShopRepositoryImpl.swift in Sources */ = {isa = PBXBuildFile; fileRef = 453EC8462CE5E72000F152C9 /* GiftCardShopRepositoryImpl.swift */; };
		453EC84A2CE5E7ED00F152C9 /* GiftCardShopDataSource.swift in Sources */ = {isa = PBXBuildFile; fileRef = 453EC8492CE5E7ED00F152C9 /* GiftCardShopDataSource.swift */; };
		453EC84C2CE5E8C900F152C9 /* HTTPMethod.swift in Sources */ = {isa = PBXBuildFile; fileRef = 453EC84B2CE5E8C900F152C9 /* HTTPMethod.swift */; };
		453EC84E2CE600FE00F152C9 /* GiftCardListViewModel.swift in Sources */ = {isa = PBXBuildFile; fileRef = 453EC84D2CE600FE00F152C9 /* GiftCardListViewModel.swift */; };
		453EC8502CE60DFA00F152C9 /* Denomination.swift in Sources */ = {isa = PBXBuildFile; fileRef = 453EC84F2CE60DFA00F152C9 /* Denomination.swift */; };
		453EC8522CE60E0E00F152C9 /* CustomDenomination.swift in Sources */ = {isa = PBXBuildFile; fileRef = 453EC8512CE60E0E00F152C9 /* CustomDenomination.swift */; };
		453EC8562CE6150F00F152C9 /* ErrorView.swift in Sources */ = {isa = PBXBuildFile; fileRef = 453EC8552CE6150F00F152C9 /* ErrorView.swift */; };
		453EC85E2CE6A74000F152C9 /* MockFetchGiftCardsUseCase.swift in Sources */ = {isa = PBXBuildFile; fileRef = 453EC85D2CE6A74000F152C9 /* MockFetchGiftCardsUseCase.swift */; };
		453EC8602CE6AAEF00F152C9 /* GiftCardDetailsView.swift in Sources */ = {isa = PBXBuildFile; fileRef = 453EC85F2CE6AAEF00F152C9 /* GiftCardDetailsView.swift */; };
		453EC8622CE6AB3B00F152C9 /* GiftCardDetailsViewModel.swift in Sources */ = {isa = PBXBuildFile; fileRef = 453EC8612CE6AB3B00F152C9 /* GiftCardDetailsViewModel.swift */; };
		453EC8642CE6AB6200F152C9 /* FetchGiftCardDetailsUseCase.swift in Sources */ = {isa = PBXBuildFile; fileRef = 453EC8632CE6AB6200F152C9 /* FetchGiftCardDetailsUseCase.swift */; };
		453EC8672CE6B9A600F152C9 /* ImageUrl.swift in Sources */ = {isa = PBXBuildFile; fileRef = 453EC8662CE6B9A600F152C9 /* ImageUrl.swift */; };
		453EC86B2CE6C11F00F152C9 /* DIContainer.swift in Sources */ = {isa = PBXBuildFile; fileRef = 453EC86A2CE6C11F00F152C9 /* DIContainer.swift */; };
		453EC86E2CE6C18D00F152C9 /* Swinject in Frameworks */ = {isa = PBXBuildFile; productRef = 453EC86D2CE6C18D00F152C9 /* Swinject */; };
		453EC8742CE6C26B00F152C9 /* DIContainer+ViewModel.swift in Sources */ = {isa = PBXBuildFile; fileRef = 453EC8732CE6C26B00F152C9 /* DIContainer+ViewModel.swift */; };
		453EC8762CE6C2A200F152C9 /* DIContainer+UseCase.swift in Sources */ = {isa = PBXBuildFile; fileRef = 453EC8752CE6C2A200F152C9 /* DIContainer+UseCase.swift */; };
		453EC8782CE6C2BF00F152C9 /* DIContainer+Repository.swift in Sources */ = {isa = PBXBuildFile; fileRef = 453EC8772CE6C2BF00F152C9 /* DIContainer+Repository.swift */; };
		453EC87A2CE6C2D700F152C9 /* DIContainer+DataSource.swift in Sources */ = {isa = PBXBuildFile; fileRef = 453EC8792CE6C2D700F152C9 /* DIContainer+DataSource.swift */; };
		453EC87C2CE6C2F600F152C9 /* DIContainer+Manager.swift in Sources */ = {isa = PBXBuildFile; fileRef = 453EC87B2CE6C2F600F152C9 /* DIContainer+Manager.swift */; };
		453EC8862CE6CCE100F152C9 /* MockGiftCardShopRepository.swift in Sources */ = {isa = PBXBuildFile; fileRef = 453EC8852CE6CCE100F152C9 /* MockGiftCardShopRepository.swift */; };
		453EC8882CE6CE1300F152C9 /* MockGiftCardShopDataSource.swift in Sources */ = {isa = PBXBuildFile; fileRef = 453EC8872CE6CE1300F152C9 /* MockGiftCardShopDataSource.swift */; };
		453EC88A2CE6CECC00F152C9 /* MockFetchGiftCardDetailsUseCase.swift in Sources */ = {isa = PBXBuildFile; fileRef = 453EC8892CE6CECC00F152C9 /* MockFetchGiftCardDetailsUseCase.swift */; };
		453EC88C2CE6CF7100F152C9 /* FetchGiftCardsUseCaseTests.swift in Sources */ = {isa = PBXBuildFile; fileRef = 453EC88B2CE6CF7100F152C9 /* FetchGiftCardsUseCaseTests.swift */; };
		453EC88E2CE6D08500F152C9 /* FetchGiftCardDetailsUseCaseTests.swift in Sources */ = {isa = PBXBuildFile; fileRef = 453EC88D2CE6D08500F152C9 /* FetchGiftCardDetailsUseCaseTests.swift */; };
		453EC8932CE6D1FD00F152C9 /* GiftCardShopRepositoryTests.swift in Sources */ = {isa = PBXBuildFile; fileRef = 453EC8922CE6D1FD00F152C9 /* GiftCardShopRepositoryTests.swift */; };
		453EC8972CE6D33F00F152C9 /* MockNetworkService.swift in Sources */ = {isa = PBXBuildFile; fileRef = 453EC8962CE6D33F00F152C9 /* MockNetworkService.swift */; };
		453EC8992CE6D3C900F152C9 /* GiftCardShopDataSourceTests.swift in Sources */ = {isa = PBXBuildFile; fileRef = 453EC8982CE6D3C900F152C9 /* GiftCardShopDataSourceTests.swift */; };
		453EC89D2CE6D63A00F152C9 /* ViewState.swift in Sources */ = {isa = PBXBuildFile; fileRef = 453EC89C2CE6D63A00F152C9 /* ViewState.swift */; };
		453EC89F2CE6D6E600F152C9 /* GiftCardListViewModelTests.swift in Sources */ = {isa = PBXBuildFile; fileRef = 453EC89E2CE6D6E600F152C9 /* GiftCardListViewModelTests.swift */; };
		453EC8A12CE6DC6300F152C9 /* GiftCardDetailsViewModelTests.swift in Sources */ = {isa = PBXBuildFile; fileRef = 453EC8A02CE6DC6300F152C9 /* GiftCardDetailsViewModelTests.swift */; };
		45A577A62CE6F9D50047529B /* GiftCardPurchase.swift in Sources */ = {isa = PBXBuildFile; fileRef = 45A577A52CE6F9D50047529B /* GiftCardPurchase.swift */; };
		45A577A82CE6F9F00047529B /* OrderConfirmation.swift in Sources */ = {isa = PBXBuildFile; fileRef = 45A577A72CE6F9F00047529B /* OrderConfirmation.swift */; };
		45A577AA2CE6FA0B0047529B /* OrderStatus.swift in Sources */ = {isa = PBXBuildFile; fileRef = 45A577A92CE6FA0B0047529B /* OrderStatus.swift */; };
		45A577AC2CE6FA790047529B /* ShoppingCartRepositoryImpl.swift in Sources */ = {isa = PBXBuildFile; fileRef = 45A577AB2CE6FA790047529B /* ShoppingCartRepositoryImpl.swift */; };
		45A577AE2CE6FAA10047529B /* ShoppingCartRepository.swift in Sources */ = {isa = PBXBuildFile; fileRef = 45A577AD2CE6FAA10047529B /* ShoppingCartRepository.swift */; };
		45A577B02CE6FB490047529B /* ShoppingCartDataSource.swift in Sources */ = {isa = PBXBuildFile; fileRef = 45A577AF2CE6FB490047529B /* ShoppingCartDataSource.swift */; };
		45A577B22CE6FBF70047529B /* BuyGiftCardUseCase.swift in Sources */ = {isa = PBXBuildFile; fileRef = 45A577B12CE6FBF70047529B /* BuyGiftCardUseCase.swift */; };
		45A577B92CE6FE610047529B /* MockShoppingCartDataSource.swift in Sources */ = {isa = PBXBuildFile; fileRef = 45A577B82CE6FE610047529B /* MockShoppingCartDataSource.swift */; };
		45A577BD2CE6FF160047529B /* MockShoppingCartRepository.swift in Sources */ = {isa = PBXBuildFile; fileRef = 45A577BC2CE6FF160047529B /* MockShoppingCartRepository.swift */; };
		45A577C02CE6FF830047529B /* MockBuyGiftCardUseCase.swift in Sources */ = {isa = PBXBuildFile; fileRef = 45A577BF2CE6FF830047529B /* MockBuyGiftCardUseCase.swift */; };
		45A577CC2CE7027B0047529B /* ShoppingCartRepositoryTests.swift in Sources */ = {isa = PBXBuildFile; fileRef = 45A577CB2CE7027B0047529B /* ShoppingCartRepositoryTests.swift */; };
		45A577CE2CE704F50047529B /* BuyGiftCardUseCaseTests.swift in Sources */ = {isa = PBXBuildFile; fileRef = 45A577CD2CE704F50047529B /* BuyGiftCardUseCaseTests.swift */; };
		45A577D02CE70AF80047529B /* PurchaseState.swift in Sources */ = {isa = PBXBuildFile; fileRef = 45A577CF2CE70AF80047529B /* PurchaseState.swift */; };
		45A577D22CE70B860047529B /* CartViewState.swift in Sources */ = {isa = PBXBuildFile; fileRef = 45A577D12CE70B860047529B /* CartViewState.swift */; };
		45A577D62CE70CE20047529B /* ShoppingCartViewModel.swift in Sources */ = {isa = PBXBuildFile; fileRef = 45A577D52CE70CE20047529B /* ShoppingCartViewModel.swift */; };
		45A577D82CE713190047529B /* ShoppingCartView.swift in Sources */ = {isa = PBXBuildFile; fileRef = 45A577D72CE713190047529B /* ShoppingCartView.swift */; };
		45A577DA2CE7133D0047529B /* CartItemRow.swift in Sources */ = {isa = PBXBuildFile; fileRef = 45A577D92CE7133D0047529B /* CartItemRow.swift */; };
		45A577DC2CE713640047529B /* CartButton.swift in Sources */ = {isa = PBXBuildFile; fileRef = 45A577DB2CE713640047529B /* CartButton.swift */; };
		45A577E32CE80C750047529B /* ShoppingCartError.swift in Sources */ = {isa = PBXBuildFile; fileRef = 45A577E22CE80C750047529B /* ShoppingCartError.swift */; };
		45A577E62CE810F90047529B /* AppConsts.swift in Sources */ = {isa = PBXBuildFile; fileRef = 45A577E52CE810F90047529B /* AppConsts.swift */; };
		45A577E82CE813090047529B /* PurchaseStateView.swift in Sources */ = {isa = PBXBuildFile; fileRef = 45A577E72CE813090047529B /* PurchaseStateView.swift */; };
		45A577EB2CE81D080047529B /* Localizable.strings in Resources */ = {isa = PBXBuildFile; fileRef = 45A577E92CE81D080047529B /* Localizable.strings */; };
		45A577ED2CE82E240047529B /* AddToCartConfirmationView.swift in Sources */ = {isa = PBXBuildFile; fileRef = 45A577EC2CE82E240047529B /* AddToCartConfirmationView.swift */; };
		45A577EF2CE82FF70047529B /* ShoppingCartViewModelTests.swift in Sources */ = {isa = PBXBuildFile; fileRef = 45A577EE2CE82FF70047529B /* ShoppingCartViewModelTests.swift */; };
		45A577F12CE8393A0047529B /* Launch Screen.storyboard in Resources */ = {isa = PBXBuildFile; fileRef = 45A577F02CE8393A0047529B /* Launch Screen.storyboard */; };
		45A577F32CE840BF0047529B /* GiftCardListViewUITests.swift in Sources */ = {isa = PBXBuildFile; fileRef = 45A577F22CE840BF0047529B /* GiftCardListViewUITests.swift */; };
		45A577F52CE843F30047529B /* GiftCardDetailsViewUITests.swift in Sources */ = {isa = PBXBuildFile; fileRef = 45A577F42CE843F30047529B /* GiftCardDetailsViewUITests.swift */; };
		8306B7B3254A36390021DDFD /* CandidateTestApp.swift in Sources */ = {isa = PBXBuildFile; fileRef = 8306B7B2254A36390021DDFD /* CandidateTestApp.swift */; };
		8306B7B7254A363B0021DDFD /* Assets.xcassets in Resources */ = {isa = PBXBuildFile; fileRef = 8306B7B6254A363B0021DDFD /* Assets.xcassets */; };
		8306B7BA254A363B0021DDFD /* Preview Assets.xcassets in Resources */ = {isa = PBXBuildFile; fileRef = 8306B7B9254A363B0021DDFD /* Preview Assets.xcassets */; };
		8397D1B0254A41D300EB2717 /* DEVELOPERS.md in Resources */ = {isa = PBXBuildFile; fileRef = 8397D1AD254A41D300EB2717 /* DEVELOPERS.md */; };
		8397D1B2254A41D300EB2717 /* README.md in Resources */ = {isa = PBXBuildFile; fileRef = 8397D1AF254A41D300EB2717 /* README.md */; };
/* End PBXBuildFile section */

/* Begin PBXContainerItemProxy section */
		8306B7C1254A363C0021DDFD /* PBXContainerItemProxy */ = {
			isa = PBXContainerItemProxy;
			containerPortal = 8306B7A7254A36390021DDFD /* Project object */;
			proxyType = 1;
			remoteGlobalIDString = 8306B7AE254A36390021DDFD;
			remoteInfo = CandidateTest;
		};
		8306B7CC254A363C0021DDFD /* PBXContainerItemProxy */ = {
			isa = PBXContainerItemProxy;
			containerPortal = 8306B7A7254A36390021DDFD /* Project object */;
			proxyType = 1;
			remoteGlobalIDString = 8306B7AE254A36390021DDFD;
			remoteInfo = CandidateTest;
		};
/* End PBXContainerItemProxy section */

/* Begin PBXCopyFilesBuildPhase section */
		453EC8722CE6C18D00F152C9 /* Embed Frameworks */ = {
			isa = PBXCopyFilesBuildPhase;
			buildActionMask = 2147483647;
			dstPath = "";
			dstSubfolderSpec = 10;
			files = (
			);
			name = "Embed Frameworks";
			runOnlyForDeploymentPostprocessing = 0;
		};
/* End PBXCopyFilesBuildPhase section */

/* Begin PBXFileReference section */
		453EC8292CE5DE5C00F152C9 /* GiftCardListView.swift */ = {isa = PBXFileReference; lastKnownFileType = sourcecode.swift; path = GiftCardListView.swift; sourceTree = "<group>"; };
		453EC82C2CE5E00600F152C9 /* GiftCard.swift */ = {isa = PBXFileReference; lastKnownFileType = sourcecode.swift; path = GiftCard.swift; sourceTree = "<group>"; };
		453EC8302CE5E04800F152C9 /* GiftCardView.swift */ = {isa = PBXFileReference; lastKnownFileType = sourcecode.swift; path = GiftCardView.swift; sourceTree = "<group>"; };
		453EC8342CE5E35B00F152C9 /* APIEndpoint.swift */ = {isa = PBXFileReference; lastKnownFileType = sourcecode.swift; path = APIEndpoint.swift; sourceTree = "<group>"; };
		453EC8382CE5E3CF00F152C9 /* NetworkError.swift */ = {isa = PBXFileReference; lastKnownFileType = sourcecode.swift; path = NetworkError.swift; sourceTree = "<group>"; };
		453EC83A2CE5E40C00F152C9 /* NetworkService.swift */ = {isa = PBXFileReference; lastKnownFileType = sourcecode.swift; path = NetworkService.swift; sourceTree = "<group>"; };
		453EC83D2CE5E56200F152C9 /* GiftCardsEndpoint.swift */ = {isa = PBXFileReference; lastKnownFileType = sourcecode.swift; path = GiftCardsEndpoint.swift; sourceTree = "<group>"; };
		453EC8402CE5E5FE00F152C9 /* FetchGiftCardsUseCase.swift */ = {isa = PBXFileReference; lastKnownFileType = sourcecode.swift; path = FetchGiftCardsUseCase.swift; sourceTree = "<group>"; };
		453EC8432CE5E69000F152C9 /* GiftCardShopRepository.swift */ = {isa = PBXFileReference; lastKnownFileType = sourcecode.swift; path = GiftCardShopRepository.swift; sourceTree = "<group>"; };
		453EC8462CE5E72000F152C9 /* GiftCardShopRepositoryImpl.swift */ = {isa = PBXFileReference; lastKnownFileType = sourcecode.swift; path = GiftCardShopRepositoryImpl.swift; sourceTree = "<group>"; };
		453EC8492CE5E7ED00F152C9 /* GiftCardShopDataSource.swift */ = {isa = PBXFileReference; lastKnownFileType = sourcecode.swift; path = GiftCardShopDataSource.swift; sourceTree = "<group>"; };
		453EC84B2CE5E8C900F152C9 /* HTTPMethod.swift */ = {isa = PBXFileReference; lastKnownFileType = sourcecode.swift; path = HTTPMethod.swift; sourceTree = "<group>"; };
		453EC84D2CE600FE00F152C9 /* GiftCardListViewModel.swift */ = {isa = PBXFileReference; lastKnownFileType = sourcecode.swift; path = GiftCardListViewModel.swift; sourceTree = "<group>"; };
		453EC84F2CE60DFA00F152C9 /* Denomination.swift */ = {isa = PBXFileReference; lastKnownFileType = sourcecode.swift; path = Denomination.swift; sourceTree = "<group>"; };
		453EC8512CE60E0E00F152C9 /* CustomDenomination.swift */ = {isa = PBXFileReference; lastKnownFileType = sourcecode.swift; path = CustomDenomination.swift; sourceTree = "<group>"; };
		453EC8552CE6150F00F152C9 /* ErrorView.swift */ = {isa = PBXFileReference; lastKnownFileType = sourcecode.swift; path = ErrorView.swift; sourceTree = "<group>"; };
		453EC85D2CE6A74000F152C9 /* MockFetchGiftCardsUseCase.swift */ = {isa = PBXFileReference; lastKnownFileType = sourcecode.swift; path = MockFetchGiftCardsUseCase.swift; sourceTree = "<group>"; };
		453EC85F2CE6AAEF00F152C9 /* GiftCardDetailsView.swift */ = {isa = PBXFileReference; lastKnownFileType = sourcecode.swift; path = GiftCardDetailsView.swift; sourceTree = "<group>"; };
		453EC8612CE6AB3B00F152C9 /* GiftCardDetailsViewModel.swift */ = {isa = PBXFileReference; lastKnownFileType = sourcecode.swift; path = GiftCardDetailsViewModel.swift; sourceTree = "<group>"; };
		453EC8632CE6AB6200F152C9 /* FetchGiftCardDetailsUseCase.swift */ = {isa = PBXFileReference; lastKnownFileType = sourcecode.swift; path = FetchGiftCardDetailsUseCase.swift; sourceTree = "<group>"; };
		453EC8662CE6B9A600F152C9 /* ImageUrl.swift */ = {isa = PBXFileReference; lastKnownFileType = sourcecode.swift; path = ImageUrl.swift; sourceTree = "<group>"; };
		453EC86A2CE6C11F00F152C9 /* DIContainer.swift */ = {isa = PBXFileReference; lastKnownFileType = sourcecode.swift; path = DIContainer.swift; sourceTree = "<group>"; };
		453EC8732CE6C26B00F152C9 /* DIContainer+ViewModel.swift */ = {isa = PBXFileReference; lastKnownFileType = sourcecode.swift; path = "DIContainer+ViewModel.swift"; sourceTree = "<group>"; };
		453EC8752CE6C2A200F152C9 /* DIContainer+UseCase.swift */ = {isa = PBXFileReference; lastKnownFileType = sourcecode.swift; path = "DIContainer+UseCase.swift"; sourceTree = "<group>"; };
		453EC8772CE6C2BF00F152C9 /* DIContainer+Repository.swift */ = {isa = PBXFileReference; lastKnownFileType = sourcecode.swift; path = "DIContainer+Repository.swift"; sourceTree = "<group>"; };
		453EC8792CE6C2D700F152C9 /* DIContainer+DataSource.swift */ = {isa = PBXFileReference; lastKnownFileType = sourcecode.swift; path = "DIContainer+DataSource.swift"; sourceTree = "<group>"; };
		453EC87B2CE6C2F600F152C9 /* DIContainer+Manager.swift */ = {isa = PBXFileReference; lastKnownFileType = sourcecode.swift; path = "DIContainer+Manager.swift"; sourceTree = "<group>"; };
		453EC8852CE6CCE100F152C9 /* MockGiftCardShopRepository.swift */ = {isa = PBXFileReference; lastKnownFileType = sourcecode.swift; path = MockGiftCardShopRepository.swift; sourceTree = "<group>"; };
		453EC8872CE6CE1300F152C9 /* MockGiftCardShopDataSource.swift */ = {isa = PBXFileReference; lastKnownFileType = sourcecode.swift; path = MockGiftCardShopDataSource.swift; sourceTree = "<group>"; };
		453EC8892CE6CECC00F152C9 /* MockFetchGiftCardDetailsUseCase.swift */ = {isa = PBXFileReference; lastKnownFileType = sourcecode.swift; path = MockFetchGiftCardDetailsUseCase.swift; sourceTree = "<group>"; };
		453EC88B2CE6CF7100F152C9 /* FetchGiftCardsUseCaseTests.swift */ = {isa = PBXFileReference; lastKnownFileType = sourcecode.swift; path = FetchGiftCardsUseCaseTests.swift; sourceTree = "<group>"; };
		453EC88D2CE6D08500F152C9 /* FetchGiftCardDetailsUseCaseTests.swift */ = {isa = PBXFileReference; lastKnownFileType = sourcecode.swift; path = FetchGiftCardDetailsUseCaseTests.swift; sourceTree = "<group>"; };
		453EC8922CE6D1FD00F152C9 /* GiftCardShopRepositoryTests.swift */ = {isa = PBXFileReference; lastKnownFileType = sourcecode.swift; path = GiftCardShopRepositoryTests.swift; sourceTree = "<group>"; };
		453EC8962CE6D33F00F152C9 /* MockNetworkService.swift */ = {isa = PBXFileReference; lastKnownFileType = sourcecode.swift; path = MockNetworkService.swift; sourceTree = "<group>"; };
		453EC8982CE6D3C900F152C9 /* GiftCardShopDataSourceTests.swift */ = {isa = PBXFileReference; lastKnownFileType = sourcecode.swift; path = GiftCardShopDataSourceTests.swift; sourceTree = "<group>"; };
		453EC89C2CE6D63A00F152C9 /* ViewState.swift */ = {isa = PBXFileReference; lastKnownFileType = sourcecode.swift; path = ViewState.swift; sourceTree = "<group>"; };
		453EC89E2CE6D6E600F152C9 /* GiftCardListViewModelTests.swift */ = {isa = PBXFileReference; lastKnownFileType = sourcecode.swift; path = GiftCardListViewModelTests.swift; sourceTree = "<group>"; };
		453EC8A02CE6DC6300F152C9 /* GiftCardDetailsViewModelTests.swift */ = {isa = PBXFileReference; lastKnownFileType = sourcecode.swift; path = GiftCardDetailsViewModelTests.swift; sourceTree = "<group>"; };
		45A577A52CE6F9D50047529B /* GiftCardPurchase.swift */ = {isa = PBXFileReference; lastKnownFileType = sourcecode.swift; path = GiftCardPurchase.swift; sourceTree = "<group>"; };
		45A577A72CE6F9F00047529B /* OrderConfirmation.swift */ = {isa = PBXFileReference; lastKnownFileType = sourcecode.swift; path = OrderConfirmation.swift; sourceTree = "<group>"; };
		45A577A92CE6FA0B0047529B /* OrderStatus.swift */ = {isa = PBXFileReference; lastKnownFileType = sourcecode.swift; path = OrderStatus.swift; sourceTree = "<group>"; };
		45A577AB2CE6FA790047529B /* ShoppingCartRepositoryImpl.swift */ = {isa = PBXFileReference; lastKnownFileType = sourcecode.swift; path = ShoppingCartRepositoryImpl.swift; sourceTree = "<group>"; };
		45A577AD2CE6FAA10047529B /* ShoppingCartRepository.swift */ = {isa = PBXFileReference; lastKnownFileType = sourcecode.swift; path = ShoppingCartRepository.swift; sourceTree = "<group>"; };
		45A577AF2CE6FB490047529B /* ShoppingCartDataSource.swift */ = {isa = PBXFileReference; lastKnownFileType = sourcecode.swift; path = ShoppingCartDataSource.swift; sourceTree = "<group>"; };
		45A577B12CE6FBF70047529B /* BuyGiftCardUseCase.swift */ = {isa = PBXFileReference; lastKnownFileType = sourcecode.swift; path = BuyGiftCardUseCase.swift; sourceTree = "<group>"; };
		45A577B82CE6FE610047529B /* MockShoppingCartDataSource.swift */ = {isa = PBXFileReference; lastKnownFileType = sourcecode.swift; path = MockShoppingCartDataSource.swift; sourceTree = "<group>"; };
		45A577BC2CE6FF160047529B /* MockShoppingCartRepository.swift */ = {isa = PBXFileReference; lastKnownFileType = sourcecode.swift; path = MockShoppingCartRepository.swift; sourceTree = "<group>"; };
		45A577BF2CE6FF830047529B /* MockBuyGiftCardUseCase.swift */ = {isa = PBXFileReference; lastKnownFileType = sourcecode.swift; path = MockBuyGiftCardUseCase.swift; sourceTree = "<group>"; };
		45A577CB2CE7027B0047529B /* ShoppingCartRepositoryTests.swift */ = {isa = PBXFileReference; lastKnownFileType = sourcecode.swift; path = ShoppingCartRepositoryTests.swift; sourceTree = "<group>"; };
		45A577CD2CE704F50047529B /* BuyGiftCardUseCaseTests.swift */ = {isa = PBXFileReference; lastKnownFileType = sourcecode.swift; path = BuyGiftCardUseCaseTests.swift; sourceTree = "<group>"; };
		45A577CF2CE70AF80047529B /* PurchaseState.swift */ = {isa = PBXFileReference; lastKnownFileType = sourcecode.swift; path = PurchaseState.swift; sourceTree = "<group>"; };
		45A577D12CE70B860047529B /* CartViewState.swift */ = {isa = PBXFileReference; lastKnownFileType = sourcecode.swift; path = CartViewState.swift; sourceTree = "<group>"; };
		45A577D52CE70CE20047529B /* ShoppingCartViewModel.swift */ = {isa = PBXFileReference; lastKnownFileType = sourcecode.swift; path = ShoppingCartViewModel.swift; sourceTree = "<group>"; };
		45A577D72CE713190047529B /* ShoppingCartView.swift */ = {isa = PBXFileReference; lastKnownFileType = sourcecode.swift; path = ShoppingCartView.swift; sourceTree = "<group>"; };
		45A577D92CE7133D0047529B /* CartItemRow.swift */ = {isa = PBXFileReference; lastKnownFileType = sourcecode.swift; path = CartItemRow.swift; sourceTree = "<group>"; };
		45A577DB2CE713640047529B /* CartButton.swift */ = {isa = PBXFileReference; lastKnownFileType = sourcecode.swift; path = CartButton.swift; sourceTree = "<group>"; };
		45A577E22CE80C750047529B /* ShoppingCartError.swift */ = {isa = PBXFileReference; lastKnownFileType = sourcecode.swift; path = ShoppingCartError.swift; sourceTree = "<group>"; };
		45A577E52CE810F90047529B /* AppConsts.swift */ = {isa = PBXFileReference; lastKnownFileType = sourcecode.swift; path = AppConsts.swift; sourceTree = "<group>"; };
		45A577E72CE813090047529B /* PurchaseStateView.swift */ = {isa = PBXFileReference; lastKnownFileType = sourcecode.swift; path = PurchaseStateView.swift; sourceTree = "<group>"; };
		45A577EA2CE81D080047529B /* en */ = {isa = PBXFileReference; lastKnownFileType = text.plist.strings; name = en; path = en.lproj/Localizable.strings; sourceTree = "<group>"; };
		45A577EC2CE82E240047529B /* AddToCartConfirmationView.swift */ = {isa = PBXFileReference; lastKnownFileType = sourcecode.swift; path = AddToCartConfirmationView.swift; sourceTree = "<group>"; };
		45A577EE2CE82FF70047529B /* ShoppingCartViewModelTests.swift */ = {isa = PBXFileReference; lastKnownFileType = sourcecode.swift; path = ShoppingCartViewModelTests.swift; sourceTree = "<group>"; };
		45A577F02CE8393A0047529B /* Launch Screen.storyboard */ = {isa = PBXFileReference; lastKnownFileType = file.storyboard; path = "Launch Screen.storyboard"; sourceTree = "<group>"; };
		45A577F22CE840BF0047529B /* GiftCardListViewUITests.swift */ = {isa = PBXFileReference; lastKnownFileType = sourcecode.swift; path = GiftCardListViewUITests.swift; sourceTree = "<group>"; };
		45A577F42CE843F30047529B /* GiftCardDetailsViewUITests.swift */ = {isa = PBXFileReference; lastKnownFileType = sourcecode.swift; path = GiftCardDetailsViewUITests.swift; sourceTree = "<group>"; };
		8306B7AF254A36390021DDFD /* CandidateTest.app */ = {isa = PBXFileReference; explicitFileType = wrapper.application; includeInIndex = 0; path = CandidateTest.app; sourceTree = BUILT_PRODUCTS_DIR; };
		8306B7B2254A36390021DDFD /* CandidateTestApp.swift */ = {isa = PBXFileReference; lastKnownFileType = sourcecode.swift; path = CandidateTestApp.swift; sourceTree = "<group>"; };
		8306B7B6254A363B0021DDFD /* Assets.xcassets */ = {isa = PBXFileReference; lastKnownFileType = folder.assetcatalog; path = Assets.xcassets; sourceTree = "<group>"; };
		8306B7B9254A363B0021DDFD /* Preview Assets.xcassets */ = {isa = PBXFileReference; lastKnownFileType = folder.assetcatalog; path = "Preview Assets.xcassets"; sourceTree = "<group>"; };
		8306B7BB254A363B0021DDFD /* Info.plist */ = {isa = PBXFileReference; lastKnownFileType = text.plist.xml; path = Info.plist; sourceTree = "<group>"; };
		8306B7C0254A363C0021DDFD /* CandidateTestTests.xctest */ = {isa = PBXFileReference; explicitFileType = wrapper.cfbundle; includeInIndex = 0; path = CandidateTestTests.xctest; sourceTree = BUILT_PRODUCTS_DIR; };
		8306B7C6254A363C0021DDFD /* Info.plist */ = {isa = PBXFileReference; lastKnownFileType = text.plist.xml; path = Info.plist; sourceTree = "<group>"; };
		8306B7CB254A363C0021DDFD /* CandidateTestUITests.xctest */ = {isa = PBXFileReference; explicitFileType = wrapper.cfbundle; includeInIndex = 0; path = CandidateTestUITests.xctest; sourceTree = BUILT_PRODUCTS_DIR; };
		8306B7D1254A363C0021DDFD /* Info.plist */ = {isa = PBXFileReference; lastKnownFileType = text.plist.xml; path = Info.plist; sourceTree = "<group>"; };
		8397D1AD254A41D300EB2717 /* DEVELOPERS.md */ = {isa = PBXFileReference; fileEncoding = 4; lastKnownFileType = net.daringfireball.markdown; name = DEVELOPERS.md; path = ../DEVELOPERS.md; sourceTree = "<group>"; };
		8397D1AF254A41D300EB2717 /* README.md */ = {isa = PBXFileReference; fileEncoding = 4; lastKnownFileType = net.daringfireball.markdown; name = README.md; path = ../README.md; sourceTree = "<group>"; };
/* End PBXFileReference section */

/* Begin PBXFrameworksBuildPhase section */
		8306B7AC254A36390021DDFD /* Frameworks */ = {
			isa = PBXFrameworksBuildPhase;
			buildActionMask = 2147483647;
			files = (
				453EC86E2CE6C18D00F152C9 /* Swinject in Frameworks */,
			);
			runOnlyForDeploymentPostprocessing = 0;
		};
		8306B7BD254A363C0021DDFD /* Frameworks */ = {
			isa = PBXFrameworksBuildPhase;
			buildActionMask = 2147483647;
			files = (
			);
			runOnlyForDeploymentPostprocessing = 0;
		};
		8306B7C8254A363C0021DDFD /* Frameworks */ = {
			isa = PBXFrameworksBuildPhase;
			buildActionMask = 2147483647;
			files = (
			);
			runOnlyForDeploymentPostprocessing = 0;
		};
/* End PBXFrameworksBuildPhase section */

/* Begin PBXGroup section */
		453EC8212CE5DD2A00F152C9 /* Features */ = {
			isa = PBXGroup;
			children = (
				453EC8222CE5DD7900F152C9 /* GiftCardShop */,
				45A5779C2CE6F9580047529B /* ShoppingCart */,
			);
			path = Features;
			sourceTree = "<group>";
		};
		453EC8222CE5DD7900F152C9 /* GiftCardShop */ = {
			isa = PBXGroup;
			children = (
				453EC83C2CE5E54300F152C9 /* Endpoint */,
				453EC8232CE5DE0100F152C9 /* Domain */,
				453EC8252CE5DE1400F152C9 /* Data */,
				453EC8262CE5DE1A00F152C9 /* Presentation */,
			);
			path = GiftCardShop;
			sourceTree = "<group>";
		};
		453EC8232CE5DE0100F152C9 /* Domain */ = {
			isa = PBXGroup;
			children = (
				453EC82B2CE5DFF700F152C9 /* Entity */,
				453EC83F2CE5E5E700F152C9 /* UseCase */,
				453EC8422CE5E63900F152C9 /* Repository */,
			);
			path = Domain;
			sourceTree = "<group>";
		};
		453EC8252CE5DE1400F152C9 /* Data */ = {
			isa = PBXGroup;
			children = (
				453EC8482CE5E7AB00F152C9 /* DataSource */,
				453EC8452CE5E70B00F152C9 /* Repository */,
			);
			path = Data;
			sourceTree = "<group>";
		};
		453EC8262CE5DE1A00F152C9 /* Presentation */ = {
			isa = PBXGroup;
			children = (
				453EC8272CE5DE3100F152C9 /* View */,
				453EC8282CE5DE3700F152C9 /* ViewModel */,
			);
			path = Presentation;
			sourceTree = "<group>";
		};
		453EC8272CE5DE3100F152C9 /* View */ = {
			isa = PBXGroup;
			children = (
				453EC8302CE5E04800F152C9 /* GiftCardView.swift */,
				453EC8292CE5DE5C00F152C9 /* GiftCardListView.swift */,
				453EC85F2CE6AAEF00F152C9 /* GiftCardDetailsView.swift */,
				45A577E72CE813090047529B /* PurchaseStateView.swift */,
				45A577EC2CE82E240047529B /* AddToCartConfirmationView.swift */,
			);
			path = View;
			sourceTree = "<group>";
		};
		453EC8282CE5DE3700F152C9 /* ViewModel */ = {
			isa = PBXGroup;
			children = (
				453EC84D2CE600FE00F152C9 /* GiftCardListViewModel.swift */,
				453EC8612CE6AB3B00F152C9 /* GiftCardDetailsViewModel.swift */,
			);
			path = ViewModel;
			sourceTree = "<group>";
		};
		453EC82B2CE5DFF700F152C9 /* Entity */ = {
			isa = PBXGroup;
			children = (
				453EC82C2CE5E00600F152C9 /* GiftCard.swift */,
				453EC84F2CE60DFA00F152C9 /* Denomination.swift */,
				453EC8512CE60E0E00F152C9 /* CustomDenomination.swift */,
				453EC89C2CE6D63A00F152C9 /* ViewState.swift */,
				45A577CF2CE70AF80047529B /* PurchaseState.swift */,
				45A577D12CE70B860047529B /* CartViewState.swift */,
			);
			path = Entity;
			sourceTree = "<group>";
		};
		453EC8322CE5E1FC00F152C9 /* Managers */ = {
			isa = PBXGroup;
			children = (
				453EC8652CE6B96C00F152C9 /* ImageUrl */,
				453EC8332CE5E20500F152C9 /* NetworkService */,
			);
			path = Managers;
			sourceTree = "<group>";
		};
		453EC8332CE5E20500F152C9 /* NetworkService */ = {
			isa = PBXGroup;
			children = (
				453EC8342CE5E35B00F152C9 /* APIEndpoint.swift */,
				453EC8382CE5E3CF00F152C9 /* NetworkError.swift */,
				453EC83A2CE5E40C00F152C9 /* NetworkService.swift */,
				453EC84B2CE5E8C900F152C9 /* HTTPMethod.swift */,
			);
			path = NetworkService;
			sourceTree = "<group>";
		};
		453EC83C2CE5E54300F152C9 /* Endpoint */ = {
			isa = PBXGroup;
			children = (
				453EC83D2CE5E56200F152C9 /* GiftCardsEndpoint.swift */,
			);
			path = Endpoint;
			sourceTree = "<group>";
		};
		453EC83F2CE5E5E700F152C9 /* UseCase */ = {
			isa = PBXGroup;
			children = (
				453EC8402CE5E5FE00F152C9 /* FetchGiftCardsUseCase.swift */,
				453EC8632CE6AB6200F152C9 /* FetchGiftCardDetailsUseCase.swift */,
			);
			path = UseCase;
			sourceTree = "<group>";
		};
		453EC8422CE5E63900F152C9 /* Repository */ = {
			isa = PBXGroup;
			children = (
				453EC8432CE5E69000F152C9 /* GiftCardShopRepository.swift */,
			);
			path = Repository;
			sourceTree = "<group>";
		};
		453EC8452CE5E70B00F152C9 /* Repository */ = {
			isa = PBXGroup;
			children = (
				453EC8462CE5E72000F152C9 /* GiftCardShopRepositoryImpl.swift */,
			);
			path = Repository;
			sourceTree = "<group>";
		};
		453EC8482CE5E7AB00F152C9 /* DataSource */ = {
			isa = PBXGroup;
			children = (
				453EC8492CE5E7ED00F152C9 /* GiftCardShopDataSource.swift */,
			);
			path = DataSource;
			sourceTree = "<group>";
		};
		453EC8532CE614F700F152C9 /* Core */ = {
			isa = PBXGroup;
			children = (
				45A577E42CE810D70047529B /* AppConsts */,
				453EC8542CE614FD00F152C9 /* View */,
			);
			path = Core;
			sourceTree = "<group>";
		};
		453EC8542CE614FD00F152C9 /* View */ = {
			isa = PBXGroup;
			children = (
				453EC8552CE6150F00F152C9 /* ErrorView.swift */,
			);
			path = View;
			sourceTree = "<group>";
		};
		453EC85B2CE6A67600F152C9 /* Mock */ = {
			isa = PBXGroup;
			children = (
				453EC8942CE6D31E00F152C9 /* Manager */,
				45A577B32CE6FDCC0047529B /* GiftCardShop */,
				45A577B42CE6FE150047529B /* ShoppingCart */,
			);
			path = Mock;
			sourceTree = "<group>";
		};
		453EC85C2CE6A67E00F152C9 /* UseCase */ = {
			isa = PBXGroup;
			children = (
				453EC85D2CE6A74000F152C9 /* MockFetchGiftCardsUseCase.swift */,
				453EC8892CE6CECC00F152C9 /* MockFetchGiftCardDetailsUseCase.swift */,
			);
			path = UseCase;
			sourceTree = "<group>";
		};
		453EC8652CE6B96C00F152C9 /* ImageUrl */ = {
			isa = PBXGroup;
			children = (
				453EC8662CE6B9A600F152C9 /* ImageUrl.swift */,
			);
			path = ImageUrl;
			sourceTree = "<group>";
		};
		453EC8692CE6C10E00F152C9 /* DIContainer */ = {
			isa = PBXGroup;
			children = (
				453EC86A2CE6C11F00F152C9 /* DIContainer.swift */,
				453EC8732CE6C26B00F152C9 /* DIContainer+ViewModel.swift */,
				453EC8752CE6C2A200F152C9 /* DIContainer+UseCase.swift */,
				453EC8772CE6C2BF00F152C9 /* DIContainer+Repository.swift */,
				453EC8792CE6C2D700F152C9 /* DIContainer+DataSource.swift */,
				453EC87B2CE6C2F600F152C9 /* DIContainer+Manager.swift */,
			);
			path = DIContainer;
			sourceTree = "<group>";
		};
		453EC86C2CE6C18D00F152C9 /* Frameworks */ = {
			isa = PBXGroup;
			children = (
			);
			name = Frameworks;
			sourceTree = "<group>";
		};
		453EC87D2CE6CC3B00F152C9 /* Features */ = {
			isa = PBXGroup;
			children = (
				453EC87E2CE6CC4700F152C9 /* GiftCardShop */,
				45A577C12CE7000C0047529B /* ShoppingCart */,
			);
			path = Features;
			sourceTree = "<group>";
		};
		453EC87E2CE6CC4700F152C9 /* GiftCardShop */ = {
			isa = PBXGroup;
			children = (
				453EC87F2CE6CC5800F152C9 /* Domain */,
				453EC88F2CE6D1D000F152C9 /* Data */,
				453EC89A2CE6D5F500F152C9 /* Presentation */,
			);
			path = GiftCardShop;
			sourceTree = "<group>";
		};
		453EC87F2CE6CC5800F152C9 /* Domain */ = {
			isa = PBXGroup;
			children = (
				453EC8802CE6CC6000F152C9 /* UseCase */,
			);
			path = Domain;
			sourceTree = "<group>";
		};
		453EC8802CE6CC6000F152C9 /* UseCase */ = {
			isa = PBXGroup;
			children = (
				453EC88B2CE6CF7100F152C9 /* FetchGiftCardsUseCaseTests.swift */,
				453EC88D2CE6D08500F152C9 /* FetchGiftCardDetailsUseCaseTests.swift */,
			);
			path = UseCase;
			sourceTree = "<group>";
		};
		453EC8812CE6CC9200F152C9 /* Domain */ = {
			isa = PBXGroup;
			children = (
				453EC85C2CE6A67E00F152C9 /* UseCase */,
			);
			path = Domain;
			sourceTree = "<group>";
		};
		453EC8822CE6CC9C00F152C9 /* Data */ = {
			isa = PBXGroup;
			children = (
				453EC8842CE6CCB700F152C9 /* Repository */,
				453EC8832CE6CCA300F152C9 /* DataSource */,
			);
			path = Data;
			sourceTree = "<group>";
		};
		453EC8832CE6CCA300F152C9 /* DataSource */ = {
			isa = PBXGroup;
			children = (
				453EC8872CE6CE1300F152C9 /* MockGiftCardShopDataSource.swift */,
			);
			path = DataSource;
			sourceTree = "<group>";
		};
		453EC8842CE6CCB700F152C9 /* Repository */ = {
			isa = PBXGroup;
			children = (
				453EC8852CE6CCE100F152C9 /* MockGiftCardShopRepository.swift */,
			);
			path = Repository;
			sourceTree = "<group>";
		};
		453EC88F2CE6D1D000F152C9 /* Data */ = {
			isa = PBXGroup;
			children = (
				453EC8912CE6D1E000F152C9 /* Repository */,
				453EC8902CE6D1D700F152C9 /* DataSource */,
			);
			path = Data;
			sourceTree = "<group>";
		};
		453EC8902CE6D1D700F152C9 /* DataSource */ = {
			isa = PBXGroup;
			children = (
				453EC8982CE6D3C900F152C9 /* GiftCardShopDataSourceTests.swift */,
			);
			path = DataSource;
			sourceTree = "<group>";
		};
		453EC8912CE6D1E000F152C9 /* Repository */ = {
			isa = PBXGroup;
			children = (
				453EC8922CE6D1FD00F152C9 /* GiftCardShopRepositoryTests.swift */,
			);
			path = Repository;
			sourceTree = "<group>";
		};
		453EC8942CE6D31E00F152C9 /* Manager */ = {
			isa = PBXGroup;
			children = (
				453EC8952CE6D33600F152C9 /* NetworkService */,
			);
			path = Manager;
			sourceTree = "<group>";
		};
		453EC8952CE6D33600F152C9 /* NetworkService */ = {
			isa = PBXGroup;
			children = (
				453EC8962CE6D33F00F152C9 /* MockNetworkService.swift */,
			);
			path = NetworkService;
			sourceTree = "<group>";
		};
		453EC89A2CE6D5F500F152C9 /* Presentation */ = {
			isa = PBXGroup;
			children = (
				453EC89B2CE6D5FE00F152C9 /* ViewModel */,
			);
			path = Presentation;
			sourceTree = "<group>";
		};
		453EC89B2CE6D5FE00F152C9 /* ViewModel */ = {
			isa = PBXGroup;
			children = (
				453EC89E2CE6D6E600F152C9 /* GiftCardListViewModelTests.swift */,
				453EC8A02CE6DC6300F152C9 /* GiftCardDetailsViewModelTests.swift */,
			);
			path = ViewModel;
			sourceTree = "<group>";
		};
		45A5779C2CE6F9580047529B /* ShoppingCart */ = {
			isa = PBXGroup;
			children = (
				45A5779D2CE6F9700047529B /* Domain */,
				45A5779F2CE6F97F0047529B /* Data */,
				45A5779E2CE6F9780047529B /* Presentation */,
			);
			path = ShoppingCart;
			sourceTree = "<group>";
		};
		45A5779D2CE6F9700047529B /* Domain */ = {
			isa = PBXGroup;
			children = (
				45A577A02CE6F98A0047529B /* Entity */,
				45A577A12CE6F9920047529B /* UseCase */,
				45A577A22CE6F9980047529B /* Repository */,
			);
			path = Domain;
			sourceTree = "<group>";
		};
		45A5779E2CE6F9780047529B /* Presentation */ = {
			isa = PBXGroup;
			children = (
				45A577D42CE70CD30047529B /* ViewModel */,
				45A577D32CE70CCD0047529B /* View */,
			);
			path = Presentation;
			sourceTree = "<group>";
		};
		45A5779F2CE6F97F0047529B /* Data */ = {
			isa = PBXGroup;
			children = (
				45A577A32CE6F9A40047529B /* DataSource */,
				45A577A42CE6F9AB0047529B /* Repository */,
			);
			path = Data;
			sourceTree = "<group>";
		};
		45A577A02CE6F98A0047529B /* Entity */ = {
			isa = PBXGroup;
			children = (
				45A577A52CE6F9D50047529B /* GiftCardPurchase.swift */,
				45A577A72CE6F9F00047529B /* OrderConfirmation.swift */,
				45A577A92CE6FA0B0047529B /* OrderStatus.swift */,
				45A577E22CE80C750047529B /* ShoppingCartError.swift */,
			);
			path = Entity;
			sourceTree = "<group>";
		};
		45A577A12CE6F9920047529B /* UseCase */ = {
			isa = PBXGroup;
			children = (
				45A577B12CE6FBF70047529B /* BuyGiftCardUseCase.swift */,
			);
			path = UseCase;
			sourceTree = "<group>";
		};
		45A577A22CE6F9980047529B /* Repository */ = {
			isa = PBXGroup;
			children = (
				45A577AD2CE6FAA10047529B /* ShoppingCartRepository.swift */,
			);
			path = Repository;
			sourceTree = "<group>";
		};
		45A577A32CE6F9A40047529B /* DataSource */ = {
			isa = PBXGroup;
			children = (
				45A577AF2CE6FB490047529B /* ShoppingCartDataSource.swift */,
			);
			path = DataSource;
			sourceTree = "<group>";
		};
		45A577A42CE6F9AB0047529B /* Repository */ = {
			isa = PBXGroup;
			children = (
				45A577AB2CE6FA790047529B /* ShoppingCartRepositoryImpl.swift */,
			);
			path = Repository;
			sourceTree = "<group>";
		};
		45A577B32CE6FDCC0047529B /* GiftCardShop */ = {
			isa = PBXGroup;
			children = (
				453EC8812CE6CC9200F152C9 /* Domain */,
				453EC8822CE6CC9C00F152C9 /* Data */,
			);
			path = GiftCardShop;
			sourceTree = "<group>";
		};
		45A577B42CE6FE150047529B /* ShoppingCart */ = {
			isa = PBXGroup;
			children = (
				45A577B62CE6FE350047529B /* Data */,
				45A577B52CE6FE2C0047529B /* Domain */,
			);
			path = ShoppingCart;
			sourceTree = "<group>";
		};
		45A577B52CE6FE2C0047529B /* Domain */ = {
			isa = PBXGroup;
			children = (
				45A577BE2CE6FF640047529B /* UseCase */,
			);
			path = Domain;
			sourceTree = "<group>";
		};
		45A577B62CE6FE350047529B /* Data */ = {
			isa = PBXGroup;
			children = (
				45A577BB2CE6FE7B0047529B /* Repository */,
				45A577BA2CE6FE720047529B /* DataSource */,
			);
			path = Data;
			sourceTree = "<group>";
		};
		45A577BA2CE6FE720047529B /* DataSource */ = {
			isa = PBXGroup;
			children = (
				45A577B82CE6FE610047529B /* MockShoppingCartDataSource.swift */,
			);
			path = DataSource;
			sourceTree = "<group>";
		};
		45A577BB2CE6FE7B0047529B /* Repository */ = {
			isa = PBXGroup;
			children = (
				45A577BC2CE6FF160047529B /* MockShoppingCartRepository.swift */,
			);
			path = Repository;
			sourceTree = "<group>";
		};
		45A577BE2CE6FF640047529B /* UseCase */ = {
			isa = PBXGroup;
			children = (
				45A577BF2CE6FF830047529B /* MockBuyGiftCardUseCase.swift */,
			);
			path = UseCase;
			sourceTree = "<group>";
		};
		45A577C12CE7000C0047529B /* ShoppingCart */ = {
			isa = PBXGroup;
			children = (
				45A577C42CE7002E0047529B /* Domain */,
				45A577C32CE700290047529B /* Data */,
				45A577C22CE7001C0047529B /* Presentation */,
			);
			path = ShoppingCart;
			sourceTree = "<group>";
		};
		45A577C22CE7001C0047529B /* Presentation */ = {
			isa = PBXGroup;
			children = (
				45A577C82CE700550047529B /* ViewModel */,
			);
			path = Presentation;
			sourceTree = "<group>";
		};
		45A577C32CE700290047529B /* Data */ = {
			isa = PBXGroup;
			children = (
				45A577C62CE700400047529B /* Repository */,
			);
			path = Data;
			sourceTree = "<group>";
		};
		45A577C42CE7002E0047529B /* Domain */ = {
			isa = PBXGroup;
			children = (
				45A577C52CE700360047529B /* UseCase */,
			);
			path = Domain;
			sourceTree = "<group>";
		};
		45A577C52CE700360047529B /* UseCase */ = {
			isa = PBXGroup;
			children = (
				45A577CD2CE704F50047529B /* BuyGiftCardUseCaseTests.swift */,
			);
			path = UseCase;
			sourceTree = "<group>";
		};
		45A577C62CE700400047529B /* Repository */ = {
			isa = PBXGroup;
			children = (
				45A577CB2CE7027B0047529B /* ShoppingCartRepositoryTests.swift */,
			);
			path = Repository;
			sourceTree = "<group>";
		};
		45A577C82CE700550047529B /* ViewModel */ = {
			isa = PBXGroup;
			children = (
				45A577EE2CE82FF70047529B /* ShoppingCartViewModelTests.swift */,
			);
			path = ViewModel;
			sourceTree = "<group>";
		};
		45A577D32CE70CCD0047529B /* View */ = {
			isa = PBXGroup;
			children = (
				45A577D72CE713190047529B /* ShoppingCartView.swift */,
				45A577D92CE7133D0047529B /* CartItemRow.swift */,
				45A577DB2CE713640047529B /* CartButton.swift */,
			);
			path = View;
			sourceTree = "<group>";
		};
		45A577D42CE70CD30047529B /* ViewModel */ = {
			isa = PBXGroup;
			children = (
				45A577D52CE70CE20047529B /* ShoppingCartViewModel.swift */,
			);
			path = ViewModel;
			sourceTree = "<group>";
		};
		45A577E42CE810D70047529B /* AppConsts */ = {
			isa = PBXGroup;
			children = (
				45A577E52CE810F90047529B /* AppConsts.swift */,
			);
			path = AppConsts;
			sourceTree = "<group>";
		};
		8306B7A6254A36390021DDFD = {
			isa = PBXGroup;
			children = (
				8397D1AD254A41D300EB2717 /* DEVELOPERS.md */,
				8397D1AF254A41D300EB2717 /* README.md */,
				8306B7B1254A36390021DDFD /* CandidateTest */,
				8306B7C3254A363C0021DDFD /* CandidateTestTests */,
				8306B7CE254A363C0021DDFD /* CandidateTestUITests */,
				453EC86C2CE6C18D00F152C9 /* Frameworks */,
				8306B7B0254A36390021DDFD /* Products */,
			);
			sourceTree = "<group>";
		};
		8306B7B0254A36390021DDFD /* Products */ = {
			isa = PBXGroup;
			children = (
				8306B7AF254A36390021DDFD /* CandidateTest.app */,
				8306B7C0254A363C0021DDFD /* CandidateTestTests.xctest */,
				8306B7CB254A363C0021DDFD /* CandidateTestUITests.xctest */,
			);
			name = Products;
			sourceTree = "<group>";
		};
		8306B7B1254A36390021DDFD /* CandidateTest */ = {
			isa = PBXGroup;
			children = (
				453EC8692CE6C10E00F152C9 /* DIContainer */,
				453EC85B2CE6A67600F152C9 /* Mock */,
				453EC8532CE614F700F152C9 /* Core */,
				453EC8322CE5E1FC00F152C9 /* Managers */,
				453EC8212CE5DD2A00F152C9 /* Features */,
				8306B7B2254A36390021DDFD /* CandidateTestApp.swift */,
				45A577E92CE81D080047529B /* Localizable.strings */,
				45A577F02CE8393A0047529B /* Launch Screen.storyboard */,
				8306B7B6254A363B0021DDFD /* Assets.xcassets */,
				8306B7BB254A363B0021DDFD /* Info.plist */,
				8306B7B8254A363B0021DDFD /* Preview Content */,
			);
			path = CandidateTest;
			sourceTree = "<group>";
		};
		8306B7B8254A363B0021DDFD /* Preview Content */ = {
			isa = PBXGroup;
			children = (
				8306B7B9254A363B0021DDFD /* Preview Assets.xcassets */,
			);
			path = "Preview Content";
			sourceTree = "<group>";
		};
		8306B7C3254A363C0021DDFD /* CandidateTestTests */ = {
			isa = PBXGroup;
			children = (
				453EC87D2CE6CC3B00F152C9 /* Features */,
				8306B7C6254A363C0021DDFD /* Info.plist */,
			);
			path = CandidateTestTests;
			sourceTree = "<group>";
		};
		8306B7CE254A363C0021DDFD /* CandidateTestUITests */ = {
			isa = PBXGroup;
			children = (
				45A577F22CE840BF0047529B /* GiftCardListViewUITests.swift */,
				45A577F42CE843F30047529B /* GiftCardDetailsViewUITests.swift */,
				8306B7D1254A363C0021DDFD /* Info.plist */,
			);
			path = CandidateTestUITests;
			sourceTree = "<group>";
		};
/* End PBXGroup section */

/* Begin PBXNativeTarget section */
		8306B7AE254A36390021DDFD /* CandidateTest */ = {
			isa = PBXNativeTarget;
			buildConfigurationList = 8306B7D4254A363C0021DDFD /* Build configuration list for PBXNativeTarget "CandidateTest" */;
			buildPhases = (
				8306B7AB254A36390021DDFD /* Sources */,
				8306B7AC254A36390021DDFD /* Frameworks */,
				8306B7AD254A36390021DDFD /* Resources */,
				453EC8722CE6C18D00F152C9 /* Embed Frameworks */,
			);
			buildRules = (
			);
			dependencies = (
			);
			name = CandidateTest;
			productName = CandidateTest;
			productReference = 8306B7AF254A36390021DDFD /* CandidateTest.app */;
			productType = "com.apple.product-type.application";
		};
		8306B7BF254A363C0021DDFD /* CandidateTestTests */ = {
			isa = PBXNativeTarget;
			buildConfigurationList = 8306B7D7254A363C0021DDFD /* Build configuration list for PBXNativeTarget "CandidateTestTests" */;
			buildPhases = (
				8306B7BC254A363C0021DDFD /* Sources */,
				8306B7BD254A363C0021DDFD /* Frameworks */,
				8306B7BE254A363C0021DDFD /* Resources */,
			);
			buildRules = (
			);
			dependencies = (
				8306B7C2254A363C0021DDFD /* PBXTargetDependency */,
			);
			name = CandidateTestTests;
			productName = CandidateTestTests;
			productReference = 8306B7C0254A363C0021DDFD /* CandidateTestTests.xctest */;
			productType = "com.apple.product-type.bundle.unit-test";
		};
		8306B7CA254A363C0021DDFD /* CandidateTestUITests */ = {
			isa = PBXNativeTarget;
			buildConfigurationList = 8306B7DA254A363C0021DDFD /* Build configuration list for PBXNativeTarget "CandidateTestUITests" */;
			buildPhases = (
				8306B7C7254A363C0021DDFD /* Sources */,
				8306B7C8254A363C0021DDFD /* Frameworks */,
				8306B7C9254A363C0021DDFD /* Resources */,
			);
			buildRules = (
			);
			dependencies = (
				8306B7CD254A363C0021DDFD /* PBXTargetDependency */,
			);
			name = CandidateTestUITests;
			productName = CandidateTestUITests;
			productReference = 8306B7CB254A363C0021DDFD /* CandidateTestUITests.xctest */;
			productType = "com.apple.product-type.bundle.ui-testing";
		};
/* End PBXNativeTarget section */

/* Begin PBXProject section */
		8306B7A7254A36390021DDFD /* Project object */ = {
			isa = PBXProject;
			attributes = {
				LastSwiftUpdateCheck = 1210;
				LastUpgradeCheck = 1210;
				TargetAttributes = {
					8306B7AE254A36390021DDFD = {
						CreatedOnToolsVersion = 12.1;
					};
					8306B7BF254A363C0021DDFD = {
						CreatedOnToolsVersion = 12.1;
						TestTargetID = 8306B7AE254A36390021DDFD;
					};
					8306B7CA254A363C0021DDFD = {
						CreatedOnToolsVersion = 12.1;
						TestTargetID = 8306B7AE254A36390021DDFD;
					};
				};
			};
			buildConfigurationList = 8306B7AA254A36390021DDFD /* Build configuration list for PBXProject "CandidateTest" */;
			compatibilityVersion = "Xcode 9.3";
			developmentRegion = en;
			hasScannedForEncodings = 0;
			knownRegions = (
				en,
				Base,
			);
			mainGroup = 8306B7A6254A36390021DDFD;
			packageReferences = (
				453EC8682CE6C10000F152C9 /* XCRemoteSwiftPackageReference "Swinject" */,
			);
			productRefGroup = 8306B7B0254A36390021DDFD /* Products */;
			projectDirPath = "";
			projectRoot = "";
			targets = (
				8306B7AE254A36390021DDFD /* CandidateTest */,
				8306B7BF254A363C0021DDFD /* CandidateTestTests */,
				8306B7CA254A363C0021DDFD /* CandidateTestUITests */,
			);
		};
/* End PBXProject section */

/* Begin PBXResourcesBuildPhase section */
		8306B7AD254A36390021DDFD /* Resources */ = {
			isa = PBXResourcesBuildPhase;
			buildActionMask = 2147483647;
			files = (
				45A577F12CE8393A0047529B /* Launch Screen.storyboard in Resources */,
				45A577EB2CE81D080047529B /* Localizable.strings in Resources */,
				8306B7BA254A363B0021DDFD /* Preview Assets.xcassets in Resources */,
				8397D1B2254A41D300EB2717 /* README.md in Resources */,
				8306B7B7254A363B0021DDFD /* Assets.xcassets in Resources */,
				8397D1B0254A41D300EB2717 /* DEVELOPERS.md in Resources */,
			);
			runOnlyForDeploymentPostprocessing = 0;
		};
		8306B7BE254A363C0021DDFD /* Resources */ = {
			isa = PBXResourcesBuildPhase;
			buildActionMask = 2147483647;
			files = (
			);
			runOnlyForDeploymentPostprocessing = 0;
		};
		8306B7C9254A363C0021DDFD /* Resources */ = {
			isa = PBXResourcesBuildPhase;
			buildActionMask = 2147483647;
			files = (
			);
			runOnlyForDeploymentPostprocessing = 0;
		};
/* End PBXResourcesBuildPhase section */

/* Begin PBXSourcesBuildPhase section */
		8306B7AB254A36390021DDFD /* Sources */ = {
			isa = PBXSourcesBuildPhase;
			buildActionMask = 2147483647;
			files = (
				453EC8312CE5E04800F152C9 /* GiftCardView.swift in Sources */,
				45A577AE2CE6FAA10047529B /* ShoppingCartRepository.swift in Sources */,
				453EC86B2CE6C11F00F152C9 /* DIContainer.swift in Sources */,
				453EC87C2CE6C2F600F152C9 /* DIContainer+Manager.swift in Sources */,
				453EC8782CE6C2BF00F152C9 /* DIContainer+Repository.swift in Sources */,
				45A577E82CE813090047529B /* PurchaseStateView.swift in Sources */,
				453EC8392CE5E3CF00F152C9 /* NetworkError.swift in Sources */,
				45A577D02CE70AF80047529B /* PurchaseState.swift in Sources */,
				453EC8502CE60DFA00F152C9 /* Denomination.swift in Sources */,
				453EC8522CE60E0E00F152C9 /* CustomDenomination.swift in Sources */,
				453EC8562CE6150F00F152C9 /* ErrorView.swift in Sources */,
				45A577A62CE6F9D50047529B /* GiftCardPurchase.swift in Sources */,
				453EC8672CE6B9A600F152C9 /* ImageUrl.swift in Sources */,
				45A577DC2CE713640047529B /* CartButton.swift in Sources */,
				453EC84E2CE600FE00F152C9 /* GiftCardListViewModel.swift in Sources */,
				453EC84A2CE5E7ED00F152C9 /* GiftCardShopDataSource.swift in Sources */,
				45A577C02CE6FF830047529B /* MockBuyGiftCardUseCase.swift in Sources */,
				45A577AA2CE6FA0B0047529B /* OrderStatus.swift in Sources */,
				453EC83B2CE5E40C00F152C9 /* NetworkService.swift in Sources */,
				453EC8442CE5E69000F152C9 /* GiftCardShopRepository.swift in Sources */,
				45A577B22CE6FBF70047529B /* BuyGiftCardUseCase.swift in Sources */,
				453EC82D2CE5E00600F152C9 /* GiftCard.swift in Sources */,
				45A577B02CE6FB490047529B /* ShoppingCartDataSource.swift in Sources */,
				453EC89D2CE6D63A00F152C9 /* ViewState.swift in Sources */,
				453EC85E2CE6A74000F152C9 /* MockFetchGiftCardsUseCase.swift in Sources */,
				453EC8742CE6C26B00F152C9 /* DIContainer+ViewModel.swift in Sources */,
				453EC8622CE6AB3B00F152C9 /* GiftCardDetailsViewModel.swift in Sources */,
				453EC8762CE6C2A200F152C9 /* DIContainer+UseCase.swift in Sources */,
				453EC8602CE6AAEF00F152C9 /* GiftCardDetailsView.swift in Sources */,
				45A577B92CE6FE610047529B /* MockShoppingCartDataSource.swift in Sources */,
				45A577E32CE80C750047529B /* ShoppingCartError.swift in Sources */,
				45A577BD2CE6FF160047529B /* MockShoppingCartRepository.swift in Sources */,
				45A577ED2CE82E240047529B /* AddToCartConfirmationView.swift in Sources */,
				45A577DA2CE7133D0047529B /* CartItemRow.swift in Sources */,
				453EC88A2CE6CECC00F152C9 /* MockFetchGiftCardDetailsUseCase.swift in Sources */,
				453EC8412CE5E5FE00F152C9 /* FetchGiftCardsUseCase.swift in Sources */,
				453EC8882CE6CE1300F152C9 /* MockGiftCardShopDataSource.swift in Sources */,
				45A577D62CE70CE20047529B /* ShoppingCartViewModel.swift in Sources */,
				453EC8642CE6AB6200F152C9 /* FetchGiftCardDetailsUseCase.swift in Sources */,
				45A577D82CE713190047529B /* ShoppingCartView.swift in Sources */,
				45A577D22CE70B860047529B /* CartViewState.swift in Sources */,
				453EC8862CE6CCE100F152C9 /* MockGiftCardShopRepository.swift in Sources */,
				453EC8972CE6D33F00F152C9 /* MockNetworkService.swift in Sources */,
				45A577AC2CE6FA790047529B /* ShoppingCartRepositoryImpl.swift in Sources */,
				45A577E62CE810F90047529B /* AppConsts.swift in Sources */,
				453EC8472CE5E72000F152C9 /* GiftCardShopRepositoryImpl.swift in Sources */,
				453EC82A2CE5DE5C00F152C9 /* GiftCardListView.swift in Sources */,
				453EC83E2CE5E56200F152C9 /* GiftCardsEndpoint.swift in Sources */,
				453EC87A2CE6C2D700F152C9 /* DIContainer+DataSource.swift in Sources */,
				453EC84C2CE5E8C900F152C9 /* HTTPMethod.swift in Sources */,
				8306B7B3254A36390021DDFD /* CandidateTestApp.swift in Sources */,
				453EC8352CE5E35B00F152C9 /* APIEndpoint.swift in Sources */,
				45A577A82CE6F9F00047529B /* OrderConfirmation.swift in Sources */,
			);
			runOnlyForDeploymentPostprocessing = 0;
		};
		8306B7BC254A363C0021DDFD /* Sources */ = {
			isa = PBXSourcesBuildPhase;
			buildActionMask = 2147483647;
			files = (
				45A577CE2CE704F50047529B /* BuyGiftCardUseCaseTests.swift in Sources */,
				453EC8992CE6D3C900F152C9 /* GiftCardShopDataSourceTests.swift in Sources */,
				453EC88C2CE6CF7100F152C9 /* FetchGiftCardsUseCaseTests.swift in Sources */,
				453EC89F2CE6D6E600F152C9 /* GiftCardListViewModelTests.swift in Sources */,
				45A577CC2CE7027B0047529B /* ShoppingCartRepositoryTests.swift in Sources */,
				453EC8932CE6D1FD00F152C9 /* GiftCardShopRepositoryTests.swift in Sources */,
				453EC88E2CE6D08500F152C9 /* FetchGiftCardDetailsUseCaseTests.swift in Sources */,
				45A577EF2CE82FF70047529B /* ShoppingCartViewModelTests.swift in Sources */,
				453EC8A12CE6DC6300F152C9 /* GiftCardDetailsViewModelTests.swift in Sources */,
			);
			runOnlyForDeploymentPostprocessing = 0;
		};
		8306B7C7254A363C0021DDFD /* Sources */ = {
			isa = PBXSourcesBuildPhase;
			buildActionMask = 2147483647;
			files = (
				45A577F52CE843F30047529B /* GiftCardDetailsViewUITests.swift in Sources */,
				45A577F32CE840BF0047529B /* GiftCardListViewUITests.swift in Sources */,
			);
			runOnlyForDeploymentPostprocessing = 0;
		};
/* End PBXSourcesBuildPhase section */

/* Begin PBXTargetDependency section */
		8306B7C2254A363C0021DDFD /* PBXTargetDependency */ = {
			isa = PBXTargetDependency;
			target = 8306B7AE254A36390021DDFD /* CandidateTest */;
			targetProxy = 8306B7C1254A363C0021DDFD /* PBXContainerItemProxy */;
		};
		8306B7CD254A363C0021DDFD /* PBXTargetDependency */ = {
			isa = PBXTargetDependency;
			target = 8306B7AE254A36390021DDFD /* CandidateTest */;
			targetProxy = 8306B7CC254A363C0021DDFD /* PBXContainerItemProxy */;
		};
/* End PBXTargetDependency section */

/* Begin PBXVariantGroup section */
		45A577E92CE81D080047529B /* Localizable.strings */ = {
			isa = PBXVariantGroup;
			children = (
				45A577EA2CE81D080047529B /* en */,
			);
			name = Localizable.strings;
			sourceTree = "<group>";
		};
/* End PBXVariantGroup section */

/* Begin XCBuildConfiguration section */
		8306B7D2254A363C0021DDFD /* Debug */ = {
			isa = XCBuildConfiguration;
			buildSettings = {
				ALWAYS_SEARCH_USER_PATHS = NO;
				CLANG_ANALYZER_NONNULL = YES;
				CLANG_ANALYZER_NUMBER_OBJECT_CONVERSION = YES_AGGRESSIVE;
				CLANG_CXX_LANGUAGE_STANDARD = "gnu++14";
				CLANG_CXX_LIBRARY = "libc++";
				CLANG_ENABLE_MODULES = YES;
				CLANG_ENABLE_OBJC_ARC = YES;
				CLANG_ENABLE_OBJC_WEAK = YES;
				CLANG_WARN_BLOCK_CAPTURE_AUTORELEASING = YES;
				CLANG_WARN_BOOL_CONVERSION = YES;
				CLANG_WARN_COMMA = YES;
				CLANG_WARN_CONSTANT_CONVERSION = YES;
				CLANG_WARN_DEPRECATED_OBJC_IMPLEMENTATIONS = YES;
				CLANG_WARN_DIRECT_OBJC_ISA_USAGE = YES_ERROR;
				CLANG_WARN_DOCUMENTATION_COMMENTS = YES;
				CLANG_WARN_EMPTY_BODY = YES;
				CLANG_WARN_ENUM_CONVERSION = YES;
				CLANG_WARN_INFINITE_RECURSION = YES;
				CLANG_WARN_INT_CONVERSION = YES;
				CLANG_WARN_NON_LITERAL_NULL_CONVERSION = YES;
				CLANG_WARN_OBJC_IMPLICIT_RETAIN_SELF = YES;
				CLANG_WARN_OBJC_LITERAL_CONVERSION = YES;
				CLANG_WARN_OBJC_ROOT_CLASS = YES_ERROR;
				CLANG_WARN_QUOTED_INCLUDE_IN_FRAMEWORK_HEADER = YES;
				CLANG_WARN_RANGE_LOOP_ANALYSIS = YES;
				CLANG_WARN_STRICT_PROTOTYPES = YES;
				CLANG_WARN_SUSPICIOUS_MOVE = YES;
				CLANG_WARN_UNGUARDED_AVAILABILITY = YES_AGGRESSIVE;
				CLANG_WARN_UNREACHABLE_CODE = YES;
				CLANG_WARN__DUPLICATE_METHOD_MATCH = YES;
				COPY_PHASE_STRIP = NO;
				DEBUG_INFORMATION_FORMAT = dwarf;
				ENABLE_STRICT_OBJC_MSGSEND = YES;
				ENABLE_TESTABILITY = YES;
				GCC_C_LANGUAGE_STANDARD = gnu11;
				GCC_DYNAMIC_NO_PIC = NO;
				GCC_NO_COMMON_BLOCKS = YES;
				GCC_OPTIMIZATION_LEVEL = 0;
				GCC_PREPROCESSOR_DEFINITIONS = (
					"DEBUG=1",
					"$(inherited)",
				);
				GCC_WARN_64_TO_32_BIT_CONVERSION = YES;
				GCC_WARN_ABOUT_RETURN_TYPE = YES_ERROR;
				GCC_WARN_UNDECLARED_SELECTOR = YES;
				GCC_WARN_UNINITIALIZED_AUTOS = YES_AGGRESSIVE;
				GCC_WARN_UNUSED_FUNCTION = YES;
				GCC_WARN_UNUSED_VARIABLE = YES;
				IPHONEOS_DEPLOYMENT_TARGET = 14.1;
				MTL_ENABLE_DEBUG_INFO = INCLUDE_SOURCE;
				MTL_FAST_MATH = YES;
				ONLY_ACTIVE_ARCH = YES;
				SDKROOT = iphoneos;
				SWIFT_ACTIVE_COMPILATION_CONDITIONS = DEBUG;
				SWIFT_OPTIMIZATION_LEVEL = "-Onone";
			};
			name = Debug;
		};
		8306B7D3254A363C0021DDFD /* Release */ = {
			isa = XCBuildConfiguration;
			buildSettings = {
				ALWAYS_SEARCH_USER_PATHS = NO;
				CLANG_ANALYZER_NONNULL = YES;
				CLANG_ANALYZER_NUMBER_OBJECT_CONVERSION = YES_AGGRESSIVE;
				CLANG_CXX_LANGUAGE_STANDARD = "gnu++14";
				CLANG_CXX_LIBRARY = "libc++";
				CLANG_ENABLE_MODULES = YES;
				CLANG_ENABLE_OBJC_ARC = YES;
				CLANG_ENABLE_OBJC_WEAK = YES;
				CLANG_WARN_BLOCK_CAPTURE_AUTORELEASING = YES;
				CLANG_WARN_BOOL_CONVERSION = YES;
				CLANG_WARN_COMMA = YES;
				CLANG_WARN_CONSTANT_CONVERSION = YES;
				CLANG_WARN_DEPRECATED_OBJC_IMPLEMENTATIONS = YES;
				CLANG_WARN_DIRECT_OBJC_ISA_USAGE = YES_ERROR;
				CLANG_WARN_DOCUMENTATION_COMMENTS = YES;
				CLANG_WARN_EMPTY_BODY = YES;
				CLANG_WARN_ENUM_CONVERSION = YES;
				CLANG_WARN_INFINITE_RECURSION = YES;
				CLANG_WARN_INT_CONVERSION = YES;
				CLANG_WARN_NON_LITERAL_NULL_CONVERSION = YES;
				CLANG_WARN_OBJC_IMPLICIT_RETAIN_SELF = YES;
				CLANG_WARN_OBJC_LITERAL_CONVERSION = YES;
				CLANG_WARN_OBJC_ROOT_CLASS = YES_ERROR;
				CLANG_WARN_QUOTED_INCLUDE_IN_FRAMEWORK_HEADER = YES;
				CLANG_WARN_RANGE_LOOP_ANALYSIS = YES;
				CLANG_WARN_STRICT_PROTOTYPES = YES;
				CLANG_WARN_SUSPICIOUS_MOVE = YES;
				CLANG_WARN_UNGUARDED_AVAILABILITY = YES_AGGRESSIVE;
				CLANG_WARN_UNREACHABLE_CODE = YES;
				CLANG_WARN__DUPLICATE_METHOD_MATCH = YES;
				COPY_PHASE_STRIP = NO;
				DEBUG_INFORMATION_FORMAT = "dwarf-with-dsym";
				ENABLE_NS_ASSERTIONS = NO;
				ENABLE_STRICT_OBJC_MSGSEND = YES;
				GCC_C_LANGUAGE_STANDARD = gnu11;
				GCC_NO_COMMON_BLOCKS = YES;
				GCC_WARN_64_TO_32_BIT_CONVERSION = YES;
				GCC_WARN_ABOUT_RETURN_TYPE = YES_ERROR;
				GCC_WARN_UNDECLARED_SELECTOR = YES;
				GCC_WARN_UNINITIALIZED_AUTOS = YES_AGGRESSIVE;
				GCC_WARN_UNUSED_FUNCTION = YES;
				GCC_WARN_UNUSED_VARIABLE = YES;
				IPHONEOS_DEPLOYMENT_TARGET = 14.1;
				MTL_ENABLE_DEBUG_INFO = NO;
				MTL_FAST_MATH = YES;
				SDKROOT = iphoneos;
				SWIFT_COMPILATION_MODE = wholemodule;
				SWIFT_OPTIMIZATION_LEVEL = "-O";
				VALIDATE_PRODUCT = YES;
			};
			name = Release;
		};
		8306B7D5254A363C0021DDFD /* Debug */ = {
			isa = XCBuildConfiguration;
			buildSettings = {
				ASSETCATALOG_COMPILER_APPICON_NAME = AppIcon;
				ASSETCATALOG_COMPILER_GLOBAL_ACCENT_COLOR_NAME = AccentColor;
				ASSETCATALOG_COMPILER_INCLUDE_ALL_APPICON_ASSETS = YES;
				CODE_SIGN_STYLE = Automatic;
				DEVELOPMENT_ASSET_PATHS = "\"CandidateTest/Preview Content\"";
				ENABLE_PREVIEWS = YES;
				INFOPLIST_FILE = CandidateTest/Info.plist;
				IPHONEOS_DEPLOYMENT_TARGET = 14.0;
				LD_RUNPATH_SEARCH_PATHS = (
					"$(inherited)",
					"@executable_path/Frameworks",
				);
				PRODUCT_BUNDLE_IDENTIFIER = co.zip.CandidateTest;
				PRODUCT_NAME = "$(TARGET_NAME)";
				SWIFT_VERSION = 5.0;
				TARGETED_DEVICE_FAMILY = "1,2";
			};
			name = Debug;
		};
		8306B7D6254A363C0021DDFD /* Release */ = {
			isa = XCBuildConfiguration;
			buildSettings = {
				ASSETCATALOG_COMPILER_APPICON_NAME = AppIcon;
				ASSETCATALOG_COMPILER_GLOBAL_ACCENT_COLOR_NAME = AccentColor;
				ASSETCATALOG_COMPILER_INCLUDE_ALL_APPICON_ASSETS = YES;
				CODE_SIGN_STYLE = Automatic;
				DEVELOPMENT_ASSET_PATHS = "\"CandidateTest/Preview Content\"";
				ENABLE_PREVIEWS = YES;
				INFOPLIST_FILE = CandidateTest/Info.plist;
				IPHONEOS_DEPLOYMENT_TARGET = 14.0;
				LD_RUNPATH_SEARCH_PATHS = (
					"$(inherited)",
					"@executable_path/Frameworks",
				);
				PRODUCT_BUNDLE_IDENTIFIER = co.zip.CandidateTest;
				PRODUCT_NAME = "$(TARGET_NAME)";
				SWIFT_VERSION = 5.0;
				TARGETED_DEVICE_FAMILY = "1,2";
			};
			name = Release;
		};
		8306B7D8254A363C0021DDFD /* Debug */ = {
			isa = XCBuildConfiguration;
			buildSettings = {
				ALWAYS_EMBED_SWIFT_STANDARD_LIBRARIES = YES;
				BUNDLE_LOADER = "$(TEST_HOST)";
				CODE_SIGN_STYLE = Automatic;
				INFOPLIST_FILE = CandidateTestTests/Info.plist;
				IPHONEOS_DEPLOYMENT_TARGET = 14.0;
				LD_RUNPATH_SEARCH_PATHS = (
					"$(inherited)",
					"@executable_path/Frameworks",
					"@loader_path/Frameworks",
				);
				PRODUCT_BUNDLE_IDENTIFIER = co.zip.CandidateTestTests;
				PRODUCT_NAME = "$(TARGET_NAME)";
				SWIFT_VERSION = 5.0;
				TARGETED_DEVICE_FAMILY = "1,2";
				TEST_HOST = "$(BUILT_PRODUCTS_DIR)/CandidateTest.app/CandidateTest";
			};
			name = Debug;
		};
		8306B7D9254A363C0021DDFD /* Release */ = {
			isa = XCBuildConfiguration;
			buildSettings = {
				ALWAYS_EMBED_SWIFT_STANDARD_LIBRARIES = YES;
				BUNDLE_LOADER = "$(TEST_HOST)";
				CODE_SIGN_STYLE = Automatic;
				INFOPLIST_FILE = CandidateTestTests/Info.plist;
				IPHONEOS_DEPLOYMENT_TARGET = 14.0;
				LD_RUNPATH_SEARCH_PATHS = (
					"$(inherited)",
					"@executable_path/Frameworks",
					"@loader_path/Frameworks",
				);
				PRODUCT_BUNDLE_IDENTIFIER = co.zip.CandidateTestTests;
				PRODUCT_NAME = "$(TARGET_NAME)";
				SWIFT_VERSION = 5.0;
				TARGETED_DEVICE_FAMILY = "1,2";
				TEST_HOST = "$(BUILT_PRODUCTS_DIR)/CandidateTest.app/CandidateTest";
			};
			name = Release;
		};
		8306B7DB254A363C0021DDFD /* Debug */ = {
			isa = XCBuildConfiguration;
			buildSettings = {
				ALWAYS_EMBED_SWIFT_STANDARD_LIBRARIES = YES;
				CODE_SIGN_STYLE = Automatic;
				INFOPLIST_FILE = CandidateTestUITests/Info.plist;
				LD_RUNPATH_SEARCH_PATHS = (
					"$(inherited)",
					"@executable_path/Frameworks",
					"@loader_path/Frameworks",
				);
				PRODUCT_BUNDLE_IDENTIFIER = co.zip.CandidateTestUITests;
				PRODUCT_NAME = "$(TARGET_NAME)";
				SWIFT_VERSION = 5.0;
				TARGETED_DEVICE_FAMILY = "1,2";
				TEST_TARGET_NAME = CandidateTest;
			};
			name = Debug;
		};
		8306B7DC254A363C0021DDFD /* Release */ = {
			isa = XCBuildConfiguration;
			buildSettings = {
				ALWAYS_EMBED_SWIFT_STANDARD_LIBRARIES = YES;
				CODE_SIGN_STYLE = Automatic;
				INFOPLIST_FILE = CandidateTestUITests/Info.plist;
				LD_RUNPATH_SEARCH_PATHS = (
					"$(inherited)",
					"@executable_path/Frameworks",
					"@loader_path/Frameworks",
				);
				PRODUCT_BUNDLE_IDENTIFIER = co.zip.CandidateTestUITests;
				PRODUCT_NAME = "$(TARGET_NAME)";
				SWIFT_VERSION = 5.0;
				TARGETED_DEVICE_FAMILY = "1,2";
				TEST_TARGET_NAME = CandidateTest;
			};
			name = Release;
		};
/* End XCBuildConfiguration section */

/* Begin XCConfigurationList section */
		8306B7AA254A36390021DDFD /* Build configuration list for PBXProject "CandidateTest" */ = {
			isa = XCConfigurationList;
			buildConfigurations = (
				8306B7D2254A363C0021DDFD /* Debug */,
				8306B7D3254A363C0021DDFD /* Release */,
			);
			defaultConfigurationIsVisible = 0;
			defaultConfigurationName = Release;
		};
		8306B7D4254A363C0021DDFD /* Build configuration list for PBXNativeTarget "CandidateTest" */ = {
			isa = XCConfigurationList;
			buildConfigurations = (
				8306B7D5254A363C0021DDFD /* Debug */,
				8306B7D6254A363C0021DDFD /* Release */,
			);
			defaultConfigurationIsVisible = 0;
			defaultConfigurationName = Release;
		};
		8306B7D7254A363C0021DDFD /* Build configuration list for PBXNativeTarget "CandidateTestTests" */ = {
			isa = XCConfigurationList;
			buildConfigurations = (
				8306B7D8254A363C0021DDFD /* Debug */,
				8306B7D9254A363C0021DDFD /* Release */,
			);
			defaultConfigurationIsVisible = 0;
			defaultConfigurationName = Release;
		};
		8306B7DA254A363C0021DDFD /* Build configuration list for PBXNativeTarget "CandidateTestUITests" */ = {
			isa = XCConfigurationList;
			buildConfigurations = (
				8306B7DB254A363C0021DDFD /* Debug */,
				8306B7DC254A363C0021DDFD /* Release */,
			);
			defaultConfigurationIsVisible = 0;
			defaultConfigurationName = Release;
		};
/* End XCConfigurationList section */

/* Begin XCRemoteSwiftPackageReference section */
		453EC8682CE6C10000F152C9 /* XCRemoteSwiftPackageReference "Swinject" */ = {
			isa = XCRemoteSwiftPackageReference;
			repositoryURL = "https://github.com/Swinject/Swinject.git";
			requirement = {
				kind = upToNextMajorVersion;
				minimumVersion = 2.9.1;
			};
		};
/* End XCRemoteSwiftPackageReference section */

/* Begin XCSwiftPackageProductDependency section */
		453EC86D2CE6C18D00F152C9 /* Swinject */ = {
			isa = XCSwiftPackageProductDependency;
			package = 453EC8682CE6C10000F152C9 /* XCRemoteSwiftPackageReference "Swinject" */;
			productName = Swinject;
		};
/* End XCSwiftPackageProductDependency section */
	};
	rootObject = 8306B7A7254A36390021DDFD /* Project object */;
}
